# Generated by pub
# See https://dart.dev/tools/pub/glossary#lockfile
packages:
  collection:
    dependency: transitive
    description:
      path: "../collection"
      relative: true
    source: path
    version: "1.19.0"
  path:
    dependency: transitive
    description:
      path: "../path"
      relative: true
    source: path
    version: "1.9.1-wip"
  source_span:
    dependency: "direct main"
    description:
      path: "../source_span"
      relative: true
    source: path
    version: "1.10.1-wip"
  term_glyph:
    dependency: transitive
    description:
      path: "../term_glyph"
      relative: true
    source: path
    version: "1.2.2-wip"
sdks:
  dart: ">=3.5.1 <4.0.0"
