# Generated by pub
# See https://dart.dev/tools/pub/glossary#lockfile
packages:
  collection:
    dependency: "direct main"
    description:
      path: "../collection"
      relative: true
    source: path
    version: "1.19.0"
  dart_flutter_team_lints:
    dependency: "direct dev"
    description:
      path: "../dart_flutter_team_lints"
      relative: true
    source: path
    version: "3.2.0"
  lints:
    dependency: transitive
    description:
      name: lints
      sha256: "976c774dd944a42e83e2467f4cc670daef7eed6295b10b36ae8c85bcbf828235"
      url: "https://pub.dev"
    source: hosted
    version: "4.0.0"
  path:
    dependency: "direct main"
    description:
      path: "../path"
      relative: true
    source: path
    version: "1.9.1-wip"
  term_glyph:
    dependency: "direct main"
    description:
      path: "../term_glyph"
      relative: true
    source: path
    version: "1.2.2-wip"
sdks:
  dart: ">=3.5.1 <4.0.0"
